
Microsoft Visual Studio Solution File, Format Version 12.00
# Visual Studio Version 17
VisualStudioVersion = 17.8.34309.116
MinimumVisualStudioVersion = 10.0.40219.1
Project("{8BC9CEB8-8B4A-11D0-8D11-00A0C91BC942}") = "test", "test.vcxproj", "{85570610-FF58-4A03-ADFC-C89D366D29BC}"
EndProject
Global
	GlobalSection(SolutionConfigurationPlatforms) = preSolution
		Debug|x64 = Debug|x64
		Debug|x86 = Debug|x86
		Release|x64 = Release|x64
		Release|x86 = Release|x86
	EndGlobalSection
	GlobalSection(ProjectConfigurationPlatforms) = postSolution
		{85570610-FF58-4A03-ADFC-C89D366D29BC}.Debug|x64.ActiveCfg = Debug|x64
		{85570610-FF58-4A03-ADFC-C89D366D29BC}.Debug|x64.Build.0 = Debug|x64
		{85570610-FF58-4A03-ADFC-C89D366D29BC}.Debug|x86.ActiveCfg = Debug|Win32
		{85570610-FF58-4A03-ADFC-C89D366D29BC}.Debug|x86.Build.0 = Debug|Win32
		{85570610-FF58-4A03-ADFC-C89D366D29BC}.Release|x64.ActiveCfg = Release|x64
		{85570610-FF58-4A03-ADFC-C89D366D29BC}.Release|x64.Build.0 = Release|x64
		{85570610-FF58-4A03-ADFC-C89D366D29BC}.Release|x86.ActiveCfg = Release|Win32
		{85570610-FF58-4A03-ADFC-C89D366D29BC}.Release|x86.Build.0 = Release|Win32
	EndGlobalSection
	GlobalSection(SolutionProperties) = preSolution
		HideSolutionNode = FALSE
	EndGlobalSection
	GlobalSection(ExtensibilityGlobals) = postSolution
		SolutionGuid = {0F97CACA-1B91-479B-8D52-87EE6FF0CDDC}
	EndGlobalSection
EndGlobal
